# This file is generated by running "yarn install" inside your project.
# Manual changes might be lost - proceed with caution!

__metadata:
  version: 6
  cacheKey: 8

"acorn-to-esprima@npm:^1.0.5":
  version: 1.0.7
  resolution: "acorn-to-esprima@npm:1.0.7"
  checksum: db58ba6c3ea692cb3bfbe9fb939db1db344c1e6ec76910701e7963dae9a62fe57dd43d98e78ff2f0a21f982f217140180c5c84a5b745c916fa1cfae63881da33
  languageName: node
  linkType: hard

"acorn@npm:^5.2.1":
  version: 5.7.4
  resolution: "acorn@npm:5.7.4"
  bin:
    acorn: bin/acorn
  checksum: f51392a4d25c7705fadb890f784c59cde4ac1c5452ccd569fa59bd2191b7951b4a6398348ab7ea08a54f0bc0a56c13776710f4e1bae9de441e4d33e2015ad1e0
  languageName: node
  linkType: hard

"align-text@npm:^0.1.1, align-text@npm:^0.1.3":
  version: 0.1.4
  resolution: "align-text@npm:0.1.4"
  dependencies:
    kind-of: ^3.0.2
    longest: ^1.0.1
    repeat-string: ^1.5.2
  checksum: b4970e6bcca5b436b1f5645d4efca4d8ea18fd3d0f2dfcbde79df92aa21019076def35d9b5b0428d1c69ee77b21290f8f108f86c497e6f834cddf270dccb5829
  languageName: node
  linkType: hard

"alter@npm:~0.2.0":
  version: 0.2.0
  resolution: "alter@npm:0.2.0"
  dependencies:
    stable: ~0.1.3
  checksum: 6a6620004fe250e7aec7284a8e0b372fbfa703cefd65b8696dcd0cc0703b03adaaf16231146b7dbf889a8dd2650b7b55780889979d6874410734702e21c03c8e
  languageName: node
  linkType: hard

"amdefine@npm:>=0.0.4":
  version: 1.0.1
  resolution: "amdefine@npm:1.0.1"
  checksum: 9d4e15b94641643a9385b2841b4cb2bcf4e8e2f741ea4bd475c93ad7bab261ad4ed827a32e9c549b38b98759c4526c173ae4e6dde8caeb75ee5cebedc9863762
  languageName: node
  linkType: hard

"ansi-regex@npm:^2.0.0":
  version: 2.1.1
  resolution: "ansi-regex@npm:2.1.1"
  checksum: 190abd03e4ff86794f338a31795d262c1dfe8c91f7e01d04f13f646f1dcb16c5800818f886047876f1272f065570ab86b24b99089f8b68a0e11ff19aed4ca8f1
  languageName: node
  linkType: hard

"ansi-styles@npm:^2.2.1":
  version: 2.2.1
  resolution: "ansi-styles@npm:2.2.1"
  checksum: ebc0e00381f2a29000d1dac8466a640ce11943cef3bda3cd0020dc042e31e1058ab59bf6169cd794a54c3a7338a61ebc404b7c91e004092dd20e028c432c9c2c
  languageName: node
  linkType: hard

"ast-traverse@npm:~0.1.1":
  version: 0.1.1
  resolution: "ast-traverse@npm:0.1.1"
  checksum: 2004256b23e0917d98f4148a257ccb4c415d1f970b337c8019588bb364d5dc099bd9ff035b837e56c7d9a80723e27754e8d8882707a3ed7690f5af3934cccbb2
  languageName: node
  linkType: hard

"ast-types@npm:0.8.12":
  version: 0.8.12
  resolution: "ast-types@npm:0.8.12"
  checksum: 69de100435d95f5a56cd5d20552916b5f9e0acc61ff178b22eb857c0fe59b540fc09bbdf4b7fd327e9c69ea35e6e575085ecb1fb8e9385dfa53edcbbc9055532
  languageName: node
  linkType: hard

"ast-types@npm:0.8.15":
  version: 0.8.15
  resolution: "ast-types@npm:0.8.15"
  checksum: e8b6ba7579ae9f77c40912f4c3c655a13690533348abed47f494b41b06ac4161ae69738f64eea5ead343399a9dc871420d00cc748b9f7b4dd017542cf55714ec
  languageName: node
  linkType: hard

"ast-types@npm:0.9.6":
  version: 0.9.6
  resolution: "ast-types@npm:0.9.6"
  checksum: 6b75831c192963453eaeaedaa9db41823cd964bfb9c40ad8da6e978393dd66611f8cc4f778ecabce6a4a9b44a04c83b2571d98fcb561b87596d7b2ea796447db
  languageName: node
  linkType: hard

"babel-core@npm:^5.8.33":
  version: 5.8.38
  resolution: "babel-core@npm:5.8.38"
  dependencies:
    babel-plugin-constant-folding: ^1.0.1
    babel-plugin-dead-code-elimination: ^1.0.2
    babel-plugin-eval: ^1.0.1
    babel-plugin-inline-environment-variables: ^1.0.1
    babel-plugin-jscript: ^1.0.4
    babel-plugin-member-expression-literals: ^1.0.1
    babel-plugin-property-literals: ^1.0.1
    babel-plugin-proto-to-assign: ^1.0.3
    babel-plugin-react-constant-elements: ^1.0.3
    babel-plugin-react-display-name: ^1.0.3
    babel-plugin-remove-console: ^1.0.1
    babel-plugin-remove-debugger: ^1.0.1
    babel-plugin-runtime: ^1.0.7
    babel-plugin-undeclared-variables-check: ^1.0.2
    babel-plugin-undefined-to-void: ^1.1.6
    babylon: ^5.8.38
    bluebird: ^2.9.33
    chalk: ^1.0.0
    convert-source-map: ^1.1.0
    core-js: ^1.0.0
    debug: ^2.1.1
    detect-indent: ^3.0.0
    esutils: ^2.0.0
    fs-readdir-recursive: ^0.1.0
    globals: ^6.4.0
    home-or-tmp: ^1.0.0
    is-integer: ^1.0.4
    js-tokens: 1.0.1
    json5: ^0.4.0
    lodash: ^3.10.0
    minimatch: ^2.0.3
    output-file-sync: ^1.1.0
    path-exists: ^1.0.0
    path-is-absolute: ^1.0.0
    private: ^0.1.6
    regenerator: 0.8.40
    regexpu: ^1.3.0
    repeating: ^1.1.2
    resolve: ^1.1.6
    shebang-regex: ^1.0.0
    slash: ^1.0.0
    source-map: ^0.5.0
    source-map-support: ^0.2.10
    to-fast-properties: ^1.0.0
    trim-right: ^1.0.0
    try-resolve: ^1.0.0
  checksum: 7ed4bfaa1432032bb74d72dbb025f7d4f7cb06df58bab1cfb2c8de433f966b60382e5009ed1f5bc1f03994234a4c0972be6578cb4ff43c85218271001f34e926
  languageName: node
  linkType: hard

"babel-eslint@npm:^4.1.6":
  version: 4.1.8
  resolution: "babel-eslint@npm:4.1.8"
  dependencies:
    acorn-to-esprima: ^1.0.5
    babel-core: ^5.8.33
    lodash.assign: ^3.2.0
    lodash.pick: ^3.1.0
  checksum: 9e9dd27117d02491599a472c86ce814f42177a85f4687577a3f1a07963fd35fb935a705c8c0c1f54dac9896d17ecafd5bf37fc0b1d48188381921ae677ed4314
  languageName: node
  linkType: hard

"babel-plugin-constant-folding@npm:^1.0.1":
  version: 1.0.1
  resolution: "babel-plugin-constant-folding@npm:1.0.1"
  checksum: 990c35878534add04bfdd8740e9a50de62ac86f4129d9d83f280df1a98999faa1a82d72782ff848c20f89e93485cd0edcc3a7bf5a8c212beb5e13b8e313c5db0
  languageName: node
  linkType: hard

"babel-plugin-dead-code-elimination@npm:^1.0.2":
  version: 1.0.2
  resolution: "babel-plugin-dead-code-elimination@npm:1.0.2"
  checksum: eb7f05ce3b48d74f7e943687ae1aa4a67766ae1be66ddbc0ca68c4d06b77c3804ffb67a05f769c2e7cafcbf9e19e6052f19814abd1eecad669a54bc3a968fa9e
  languageName: node
  linkType: hard

"babel-plugin-eval@npm:^1.0.1":
  version: 1.0.1
  resolution: "babel-plugin-eval@npm:1.0.1"
  checksum: bbe1c9d9aa543231384e95585c29bbcfa07f3fafce610fae60a0b30d52dddc887978d940d8916ded009c5fe07d1084536aeb4a3574f0cec2d47be99a92456034
  languageName: node
  linkType: hard

"babel-plugin-inline-environment-variables@npm:^1.0.1":
  version: 1.0.1
  resolution: "babel-plugin-inline-environment-variables@npm:1.0.1"
  checksum: 69f25f828499acc7bb94742e56a0f44831bf0ad569a560e622508c11eb333e25f4cdd69bbeb86bdb7a43620a7dc9386cb970c24639aa05020122cce625ab191e
  languageName: node
  linkType: hard

"babel-plugin-jscript@npm:^1.0.4":
  version: 1.0.4
  resolution: "babel-plugin-jscript@npm:1.0.4"
  checksum: ad58e414fcf8f78164fd60aa2321febd4f2b668615693b7ff9037302b8c48464c4d2ee0ecdc9ddacf3a18782b2563ae5660e0b99f27f06f94738583021b3578b
  languageName: node
  linkType: hard

"babel-plugin-member-expression-literals@npm:^1.0.1":
  version: 1.0.1
  resolution: "babel-plugin-member-expression-literals@npm:1.0.1"
  checksum: 0a41401965011d93294b320b438cb431616390bb49ef4f72bf21f7daf065e6c9425fcd3edfd1636418969844622eadea9ca1de9776f959b7e82e743274f9ed56
  languageName: node
  linkType: hard

"babel-plugin-property-literals@npm:^1.0.1":
  version: 1.0.1
  resolution: "babel-plugin-property-literals@npm:1.0.1"
  checksum: 294d0e00af846580239bec9b32a3efedc3d4ff8995a0795bd464cd416db6595009c6f95a2d9689a46e92ef0fc7797cb8c0e51db9f5f4a0934fa91cdc9cdadca2
  languageName: node
  linkType: hard

"babel-plugin-proto-to-assign@npm:^1.0.3":
  version: 1.0.4
  resolution: "babel-plugin-proto-to-assign@npm:1.0.4"
  dependencies:
    lodash: ^3.9.3
  checksum: 4f381461244d03c3dee0f892fe83922351fbe2100a008481f66c5cff6b25955dd4ae453ec578bef8bf622d222555de0a5ba93e7ef242a4f339854cb7b69a7574
  languageName: node
  linkType: hard

"babel-plugin-react-constant-elements@npm:^1.0.3":
  version: 1.0.3
  resolution: "babel-plugin-react-constant-elements@npm:1.0.3"
  checksum: fe46e5f219c64ef2b7a5140fc445551c1d52642747346f073d240da4d852d4761d5027151988fce3b3e2e8e2725ec5447c1677a8e1996ef4f1fefed2d5d08db3
  languageName: node
  linkType: hard

"babel-plugin-react-display-name@npm:^1.0.3":
  version: 1.0.3
  resolution: "babel-plugin-react-display-name@npm:1.0.3"
  checksum: 9d18daa5556edaf6ae9df6d185bfed2aaf2472e7c40b4e09a3544c57cc48a1d059b5ced125d58afb8e7868d14ce4379dbb7a9094da0dcd3765fc064c863ca16d
  languageName: node
  linkType: hard

"babel-plugin-remove-console@npm:^1.0.1":
  version: 1.0.1
  resolution: "babel-plugin-remove-console@npm:1.0.1"
  checksum: 09b9e2436a4c1b23d17308c40b372b77985f464371a74a9148515a37baebda0e28fce209c712cf68082462ff8253865dcc6e212288a92d64ecc53238198da2f5
  languageName: node
  linkType: hard

"babel-plugin-remove-debugger@npm:^1.0.1":
  version: 1.0.1
  resolution: "babel-plugin-remove-debugger@npm:1.0.1"
  checksum: fc62c933a214e310a2009d2782796a4d34597f19e7a0281623e25c9be8eb1edaef639ceff0e67069db47cf9611257e2396ea0aedb650d035a8dbdfa4f287dc36
  languageName: node
  linkType: hard

"babel-plugin-runtime@npm:^1.0.7":
  version: 1.0.7
  resolution: "babel-plugin-runtime@npm:1.0.7"
  checksum: 49934094d7d54e0fdf3767d02165c24e1fc53056f6d15f29323c110527200500135285475c9b69f4de564650c3d1d1637596b09274e54e3916a615d25c01a58a
  languageName: node
  linkType: hard

"babel-plugin-undeclared-variables-check@npm:^1.0.2":
  version: 1.0.2
  resolution: "babel-plugin-undeclared-variables-check@npm:1.0.2"
  dependencies:
    leven: ^1.0.2
  checksum: 06ebadc07ce225dd454c5e47e5639107489e8c668b38a247a42fac1a455fd56d7109a561e4261f77065fdab279531e6bdc95f6eaa2e9e6f7ecdcbcad077b0c79
  languageName: node
  linkType: hard

"babel-plugin-undefined-to-void@npm:^1.1.6":
  version: 1.1.6
  resolution: "babel-plugin-undefined-to-void@npm:1.1.6"
  checksum: 034d1210e5d15aa6096a3fcee69d0ea6c504294281155546f4ad40e22592f55fa7a96211a87e78c7b3dfaa9458902cee626927a97f53949476f6b4a34ec82cab
  languageName: node
  linkType: hard

"babylon@npm:^5.8.38":
  version: 5.8.38
  resolution: "babylon@npm:5.8.38"
  checksum: ce7b06c66909cdcd84c8998e22ae6698e1774abffa7f095693dc8204afb5e0215f016141a6287ebdbd65b17c1b0c066c02ae0f2544a3b79f3463dc66d8658347
  languageName: node
  linkType: hard

"balanced-match@npm:^1.0.0":
  version: 1.0.2
  resolution: "balanced-match@npm:1.0.2"
  checksum: 9706c088a283058a8a99e0bf91b0a2f75497f185980d9ffa8b304de1d9e58ebda7c72c07ebf01dadedaac5b2907b2c6f566f660d62bd336c3468e960403b9d65
  languageName: node
  linkType: hard

"base64-js@npm:0.0.8":
  version: 0.0.8
  resolution: "base64-js@npm:0.0.8"
  checksum: e95d2fa4b9000789fedd1e1ebac7830a70f5b1c06c72b2cf7862a48335af5d42229c0deda5085b2c8e403e479b612a55cd682bd4438838980d07cfc21c91e750
  languageName: node
  linkType: hard

"base64-js@npm:^1.3.1":
  version: 1.5.1
  resolution: "base64-js@npm:1.5.1"
  checksum: 669632eb3745404c2f822a18fc3a0122d2f9a7a13f7fb8b5823ee19d1d2ff9ee5b52c53367176ea4ad093c332fd5ab4bd0ebae5a8e27917a4105a4cfc86b1005
  languageName: node
  linkType: hard

"bluebird@npm:^2.9.33":
  version: 2.11.0
  resolution: "bluebird@npm:2.11.0"
  checksum: f1c6cbec64100bca65c88e5de0d9ee9bbb435f7c74c68a16a9466a8b40daf64346805c2fe04af821564ce6d4199085e7855d2e272282a065eb723344815cc354
  languageName: node
  linkType: hard

"brace-expansion@npm:^1.0.0, brace-expansion@npm:^1.1.7":
  version: 1.1.11
  resolution: "brace-expansion@npm:1.1.11"
  dependencies:
    balanced-match: ^1.0.0
    concat-map: 0.0.1
  checksum: faf34a7bb0c3fcf4b59c7808bc5d2a96a40988addf2e7e09dfbb67a2251800e0d14cd2bfc1aa79174f2f5095c54ff27f46fb1289fe2d77dac755b5eb3434cc07
  languageName: node
  linkType: hard

"breakable@npm:~1.0.0":
  version: 1.0.0
  resolution: "breakable@npm:1.0.0"
  checksum: f6bb3db6e927211abcff5edf4b3212dd857c92bd15135d42613eefbffc3288b03e194be335d19a3db2957079d0d75c71c87846ff3e40a379261ccc058c954d96
  languageName: node
  linkType: hard

"buffer@npm:^5.0.0":
  version: 5.7.1
  resolution: "buffer@npm:5.7.1"
  dependencies:
    base64-js: ^1.3.1
    ieee754: ^1.1.13
  checksum: e2cf8429e1c4c7b8cbd30834ac09bd61da46ce35f5c22a78e6c2f04497d6d25541b16881e30a019c6fd3154150650ccee27a308eff3e26229d788bbdeb08ab84
  languageName: node
  linkType: hard

"camelcase@npm:^1.2.1":
  version: 1.2.1
  resolution: "camelcase@npm:1.2.1"
  checksum: 3da5ab4bb997f33e57023ddee39887e0d3f34ce5a2d41bcfe84454ee528c4fd769a4f9a428168bf9b24aca9338699885ffb63527acb02834c31b864d4b0d2299
  languageName: node
  linkType: hard

"center-align@npm:^0.1.1":
  version: 0.1.3
  resolution: "center-align@npm:0.1.3"
  dependencies:
    align-text: ^0.1.3
    lazy-cache: ^1.0.3
  checksum: f3a4e224f0eeb7a9ebc09e6519639acadd8b65942ae33db2b6f38946fcee6320499bd6b980894f7e33fec4f1b66c056d55bb96a9b05a2ca0fde25876e9ee2ab8
  languageName: node
  linkType: hard

"chalk@npm:^1.0.0":
  version: 1.1.3
  resolution: "chalk@npm:1.1.3"
  dependencies:
    ansi-styles: ^2.2.1
    escape-string-regexp: ^1.0.2
    has-ansi: ^2.0.0
    strip-ansi: ^3.0.0
    supports-color: ^2.0.0
  checksum: 9d2ea6b98fc2b7878829eec223abcf404622db6c48396a9b9257f6d0ead2acf18231ae368d6a664a83f272b0679158da12e97b5229f794939e555cc574478acd
  languageName: node
  linkType: hard

"cliui@npm:^2.1.0":
  version: 2.1.0
  resolution: "cliui@npm:2.1.0"
  dependencies:
    center-align: ^0.1.1
    right-align: ^0.1.1
    wordwrap: 0.0.2
  checksum: 6ea62222bd60ea94bca6321766a300a6ad3f742960b6c6d1e42a730f28df8b1dd81c6fedfbc327d100986ac21fdd7eafb7da34e09a96eb4ffe0c9590754053cb
  languageName: node
  linkType: hard

"commander@npm:^2.5.0":
  version: 2.20.3
  resolution: "commander@npm:2.20.3"
  checksum: ab8c07884e42c3a8dbc5dd9592c606176c7eb5c1ca5ff274bcf907039b2c41de3626f684ea75ccf4d361ba004bbaff1f577d5384c155f3871e456bdf27becf9e
  languageName: node
  linkType: hard

"commoner@npm:~0.10.3":
  version: 0.10.8
  resolution: "commoner@npm:0.10.8"
  dependencies:
    commander: ^2.5.0
    detective: ^4.3.1
    glob: ^5.0.15
    graceful-fs: ^4.1.2
    iconv-lite: ^0.4.5
    mkdirp: ^0.5.0
    private: ^0.1.6
    q: ^1.1.2
    recast: ^0.11.17
  bin:
    commonize: ./bin/commonize
  checksum: 26104e3028a2f799421a59508b50d267f2eda580d1021d24a69acfe4d2a276e881c81991959c580f87330425fa38a7c205cddacacbb1826690d17d211f53f449
  languageName: node
  linkType: hard

"concat-map@npm:0.0.1":
  version: 0.0.1
  resolution: "concat-map@npm:0.0.1"
  checksum: 902a9f5d8967a3e2faf138d5cb784b9979bad2e6db5357c5b21c568df4ebe62bcb15108af1b2253744844eb964fc023fbd9afbbbb6ddd0bcc204c6fb5b7bf3af
  languageName: node
  linkType: hard

"convert-source-map@npm:^1.1.0":
  version: 1.9.0
  resolution: "convert-source-map@npm:1.9.0"
  checksum: dc55a1f28ddd0e9485ef13565f8f756b342f9a46c4ae18b843fe3c30c675d058d6a4823eff86d472f187b176f0adf51ea7b69ea38be34be4a63cbbf91b0593c8
  languageName: node
  linkType: hard

"core-js@npm:^1.0.0":
  version: 1.2.7
  resolution: "core-js@npm:1.2.7"
  checksum: 0b76371bfa98708351cde580f9287e2360d2209920e738ae950ae74ad08639a2e063541020bf666c28778956fc356ed9fe56d962129c88a87a6a4a0612526c75
  languageName: node
  linkType: hard

"debug@npm:^2.1.1":
  version: 2.6.9
  resolution: "debug@npm:2.6.9"
  dependencies:
    ms: 2.0.0
  checksum: d2f51589ca66df60bf36e1fa6e4386b318c3f1e06772280eea5b1ae9fd3d05e9c2b7fd8a7d862457d00853c75b00451aa2d7459b924629ee385287a650f58fe6
  languageName: node
  linkType: hard

"decamelize@npm:^1.0.0":
  version: 1.2.0
  resolution: "decamelize@npm:1.2.0"
  checksum: ad8c51a7e7e0720c70ec2eeb1163b66da03e7616d7b98c9ef43cce2416395e84c1e9548dd94f5f6ffecfee9f8b94251fc57121a8b021f2ff2469b2bae247b8aa
  languageName: node
  linkType: hard

"defined@npm:^1.0.0":
  version: 1.0.1
  resolution: "defined@npm:1.0.1"
  checksum: b1a852300bdb57f297289b55eafdd0c517afaa3ec8190e78fce91b9d8d0c0369d4505ecbdacfd3d98372e664f4a267d9bd793938d4a8c76209c9d9516fbe2101
  languageName: node
  linkType: hard

"defs@npm:~1.1.0":
  version: 1.1.1
  resolution: "defs@npm:1.1.1"
  dependencies:
    alter: ~0.2.0
    ast-traverse: ~0.1.1
    breakable: ~1.0.0
    esprima-fb: ~15001.1001.0-dev-harmony-fb
    simple-fmt: ~0.1.0
    simple-is: ~0.2.0
    stringmap: ~0.2.2
    stringset: ~0.2.1
    tryor: ~0.1.2
    yargs: ~3.27.0
  bin:
    defs: ./build/es5/defs
  checksum: c73e357490185a28daccdf5ab1134b34ed7737eafb0f2966e066b552ac46639449a391c0cfeabe06a7ac58b083b2b5152d5b7950e57c04fe5e147b93532013b7
  languageName: node
  linkType: hard

"detect-indent@npm:^3.0.0":
  version: 3.0.1
  resolution: "detect-indent@npm:3.0.1"
  dependencies:
    get-stdin: ^4.0.1
    minimist: ^1.1.0
    repeating: ^1.1.0
  bin:
    detect-indent: cli.js
  checksum: 5864c14ff33adab143b0f0a36ee333b205c60fdf9ae2418ff555773fb75fb3601c01ad90b3c8f671b12189231713d6b678db74ab116935b814751f38dc7fbc46
  languageName: node
  linkType: hard

"detective@npm:^4.3.1":
  version: 4.7.1
  resolution: "detective@npm:4.7.1"
  dependencies:
    acorn: ^5.2.1
    defined: ^1.0.0
  checksum: 87531cb2f2f07feed75b68aa4d6f08ff46adef4e3b332cbff81a13256a298ab83cec7ff9b84f4c1cf532d4def58472cb3e75a31e2c0e19c3915582437bc29b86
  languageName: node
  linkType: hard

"escape-string-regexp@npm:^1.0.2":
  version: 1.0.5
  resolution: "escape-string-regexp@npm:1.0.5"
  checksum: 6092fda75c63b110c706b6a9bfde8a612ad595b628f0bd2147eea1d3406723020810e591effc7db1da91d80a71a737a313567c5abb3813e8d9c71f4aa595b410
  languageName: node
  linkType: hard

"eslint-plugin-react@npm:^3.11.3":
  version: 3.16.1
  resolution: "eslint-plugin-react@npm:3.16.1"
  checksum: d59874c1fab7df43bf0944cb6326a4c2eb7529bbfec8390c5a87258aceb4440517bf0e82d6c4c3213982d651b15b015705fd206de76fd4e0d8402e6c4f93088a
  languageName: node
  linkType: hard

"esprima-fb@npm:~15001.1001.0-dev-harmony-fb":
  version: 15001.1001.0-dev-harmony-fb
  resolution: "esprima-fb@npm:15001.1001.0-dev-harmony-fb"
  bin:
    esparse: ./bin/esparse.js
    esvalidate: ./bin/esvalidate.js
  checksum: 7f373e0c9317e500842c290c38b0b6edb7a57ed59a380b3b447d59f0a9fa2bd0ba13bdd208f46dce3477a38ea2a81eb14e48d7be0dc6fae02520b65d3572fb97
  languageName: node
  linkType: hard

"esprima@npm:^2.6.0":
  version: 2.7.3
  resolution: "esprima@npm:2.7.3"
  bin:
    esparse: ./bin/esparse.js
    esvalidate: ./bin/esvalidate.js
  checksum: 55584508dca0551885e62c3369bc4a783bd948b43e2f034f05c2a37f3ca398db99f072ab228234e9cab09af8dc8c65d6ca7de3a975f2a296b34d1a3aba7e89f1
  languageName: node
  linkType: hard

"esprima@npm:~3.1.0":
  version: 3.1.3
  resolution: "esprima@npm:3.1.3"
  bin:
    esparse: ./bin/esparse.js
    esvalidate: ./bin/esvalidate.js
  checksum: 2771c059aa61f2b2fe9d898f11c737c45c26eae6052908f1e2b8bd91c6a440607420f2679cbfd6cbb79f2fa502b37a3053048d287bcd30ea582d46c969fcf67e
  languageName: node
  linkType: hard

"esutils@npm:^2.0.0":
  version: 2.0.3
  resolution: "esutils@npm:2.0.3"
  checksum: 22b5b08f74737379a840b8ed2036a5fb35826c709ab000683b092d9054e5c2a82c27818f12604bfc2a9a76b90b6834ef081edbc1c7ae30d1627012e067c6ec87
  languageName: node
  linkType: hard

"events@npm:^1.0.2":
  version: 1.1.1
  resolution: "events@npm:1.1.1"
  checksum: 40431eb005cc4c57861b93d44c2981a49e7feb99df84cf551baed299ceea4444edf7744733f6a6667e942af687359b1f4a87ec1ec4f21d5127dac48a782039b9
  languageName: node
  linkType: hard

"fs-readdir-recursive@npm:^0.1.0":
  version: 0.1.2
  resolution: "fs-readdir-recursive@npm:0.1.2"
  checksum: a37a5530cc98a1ae1b539e57cf07e3fca3e053ecc201c2358876f8dd66813882870f522841115960ee6a51d9800b8a8e7444f33edd18ca7a4cee9d554892d639
  languageName: node
  linkType: hard

"function-bind@npm:^1.1.2":
  version: 1.1.2
  resolution: "function-bind@npm:1.1.2"
  checksum: 2b0ff4ce708d99715ad14a6d1f894e2a83242e4a52ccfcefaee5e40050562e5f6dafc1adbb4ce2d4ab47279a45dc736ab91ea5042d843c3c092820dfe032efb1
  languageName: node
  linkType: hard

"get-stdin@npm:^4.0.1":
  version: 4.0.1
  resolution: "get-stdin@npm:4.0.1"
  checksum: 4f73d3fe0516bc1f3dc7764466a68ad7c2ba809397a02f56c2a598120e028430fcff137a648a01876b2adfb486b4bc164119f98f1f7d7c0abd63385bdaa0113f
  languageName: node
  linkType: hard

"glob@npm:^5.0.15":
  version: 5.0.15
  resolution: "glob@npm:5.0.15"
  dependencies:
    inflight: ^1.0.4
    inherits: 2
    minimatch: 2 || 3
    once: ^1.3.0
    path-is-absolute: ^1.0.0
  checksum: f9742448303460672607e569457f1b57e486a79a985e269b69465834d2075b243378225f65dc54c09fcd4b75e4fb34442aec88f33f8c65fa4abccc8ee2dc2f5d
  languageName: node
  linkType: hard

"globals@npm:^6.4.0":
  version: 6.4.1
  resolution: "globals@npm:6.4.1"
  checksum: b39a4878f4ee8a4fa2872a27ea4daccc1dca8f4ea4f1ae919ce1854ad7d28621c0d1767045533484740884771808dbffd613b5fa57f8d29f6ead902147dfdb08
  languageName: node
  linkType: hard

"graceful-fs@npm:^4.1.2, graceful-fs@npm:^4.1.4":
  version: 4.2.11
  resolution: "graceful-fs@npm:4.2.11"
  checksum: ac85f94da92d8eb6b7f5a8b20ce65e43d66761c55ce85ac96df6865308390da45a8d3f0296dd3a663de65d30ba497bd46c696cc1e248c72b13d6d567138a4fc7
  languageName: node
  linkType: hard

"has-ansi@npm:^2.0.0":
  version: 2.0.0
  resolution: "has-ansi@npm:2.0.0"
  dependencies:
    ansi-regex: ^2.0.0
  checksum: 1b51daa0214440db171ff359d0a2d17bc20061164c57e76234f614c91dbd2a79ddd68dfc8ee73629366f7be45a6df5f2ea9de83f52e1ca24433f2cc78c35d8ec
  languageName: node
  linkType: hard

"hasown@npm:^2.0.0":
  version: 2.0.2
  resolution: "hasown@npm:2.0.2"
  dependencies:
    function-bind: ^1.1.2
  checksum: e8516f776a15149ca6c6ed2ae3110c417a00b62260e222590e54aa367cbcd6ed99122020b37b7fbdf05748df57b265e70095d7bf35a47660587619b15ffb93db
  languageName: node
  linkType: hard

"home-or-tmp@npm:^1.0.0":
  version: 1.0.0
  resolution: "home-or-tmp@npm:1.0.0"
  dependencies:
    os-tmpdir: ^1.0.1
    user-home: ^1.1.1
  checksum: e67590be5a415919f34629ce980fc48ac01fe32c4df3e8ad123817f0c9faf439ed86cb616ead48ebc09e0e7333a6996958ff6308dd7d88447f3cc2da9b872cbf
  languageName: node
  linkType: hard

"iconv-lite@npm:^0.4.5":
  version: 0.4.24
  resolution: "iconv-lite@npm:0.4.24"
  dependencies:
    safer-buffer: ">= 2.1.2 < 3"
  checksum: bd9f120f5a5b306f0bc0b9ae1edeb1577161503f5f8252a20f1a9e56ef8775c9959fd01c55f2d3a39d9a8abaf3e30c1abeb1895f367dcbbe0a8fd1c9ca01c4f6
  languageName: node
  linkType: hard

"ieee754@npm:^1.1.13":
  version: 1.2.1
  resolution: "ieee754@npm:1.2.1"
  checksum: 5144c0c9815e54ada181d80a0b810221a253562422e7c6c3a60b1901154184f49326ec239d618c416c1c5945a2e197107aee8d986a3dd836b53dffefd99b5e7e
  languageName: node
  linkType: hard

"inflight@npm:^1.0.4":
  version: 1.0.6
  resolution: "inflight@npm:1.0.6"
  dependencies:
    once: ^1.3.0
    wrappy: 1
  checksum: f4f76aa072ce19fae87ce1ef7d221e709afb59d445e05d47fba710e85470923a75de35bfae47da6de1b18afc3ce83d70facf44cfb0aff89f0a3f45c0a0244dfd
  languageName: node
  linkType: hard

"inherits@npm:2":
  version: 2.0.4
  resolution: "inherits@npm:2.0.4"
  checksum: 4a48a733847879d6cf6691860a6b1e3f0f4754176e4d71494c41f3475553768b10f84b5ce1d40fbd0e34e6bfbb864ee35858ad4dd2cf31e02fc4a154b724d7f1
  languageName: node
  linkType: hard

"inherits@npm:2.0.3":
  version: 2.0.3
  resolution: "inherits@npm:2.0.3"
  checksum: 78cb8d7d850d20a5e9a7f3620db31483aa00ad5f722ce03a55b110e5a723539b3716a3b463e2b96ce3fe286f33afc7c131fa2f91407528ba80cea98a7545d4c0
  languageName: node
  linkType: hard

"invert-kv@npm:^1.0.0":
  version: 1.0.0
  resolution: "invert-kv@npm:1.0.0"
  checksum: aebeee31dda3b3d25ffd242e9a050926e7fe5df642d60953ab183aca1a7d1ffb39922eb2618affb0e850cf2923116f0da1345367759d88d097df5da1f1e1590e
  languageName: node
  linkType: hard

"ip-regex@npm:^1.0.3":
  version: 1.0.3
  resolution: "ip-regex@npm:1.0.3"
  checksum: 9ce02e567949be9cf4d16c5c314cd241ce1edf78b2619e94b276cdff97eefe198970a224f9d1f0c22a92c4655997ad68fd34d82e41e7d19fafa47fe15108f22a
  languageName: node
  linkType: hard

"is-buffer@npm:^1.1.5":
  version: 1.1.6
  resolution: "is-buffer@npm:1.1.6"
  checksum: 4a186d995d8bbf9153b4bd9ff9fd04ae75068fe695d29025d25e592d9488911eeece84eefbd8fa41b8ddcc0711058a71d4c466dcf6f1f6e1d83830052d8ca707
  languageName: node
  linkType: hard

"is-core-module@npm:^2.13.0":
  version: 2.13.1
  resolution: "is-core-module@npm:2.13.1"
  dependencies:
    hasown: ^2.0.0
  checksum: 256559ee8a9488af90e4bad16f5583c6d59e92f0742e9e8bb4331e758521ee86b810b93bae44f390766ffbc518a0488b18d9dab7da9a5ff997d499efc9403f7c
  languageName: node
  linkType: hard

"is-finite@npm:^1.0.0":
  version: 1.1.0
  resolution: "is-finite@npm:1.1.0"
  checksum: 532b97ed3d03e04c6bd203984d9e4ba3c0c390efee492bad5d1d1cd1802a68ab27adbd3ef6382f6312bed6c8bb1bd3e325ea79a8dc8fe080ed7a06f5f97b93e7
  languageName: node
  linkType: hard

"is-integer@npm:^1.0.4":
  version: 1.0.7
  resolution: "is-integer@npm:1.0.7"
  dependencies:
    is-finite: ^1.0.0
  checksum: e57ab783fa401df8f86a80f8e47d3e7dfdd19a0acb7183d7bb1e55830364172d7035b6980e98d856a2508b261923803d800c2a430c1e6801d9792c3394827f30
  languageName: node
  linkType: hard

"js-tokens@npm:1.0.1":
  version: 1.0.1
  resolution: "js-tokens@npm:1.0.1"
  checksum: 1b5487481bd26a2665dc15512631e13b8b3031691724dd18dcb4725dceb7932c6d9532478ecef25ba15a6316ecdb56f8d9bf415d3d0b187a41b5f0f0ccc634ab
  languageName: node
  linkType: hard

"jsesc@npm:~0.5.0":
  version: 0.5.0
  resolution: "jsesc@npm:0.5.0"
  bin:
    jsesc: bin/jsesc
  checksum: b8b44cbfc92f198ad972fba706ee6a1dfa7485321ee8c0b25f5cedd538dcb20cde3197de16a7265430fce8277a12db066219369e3d51055038946039f6e20e17
  languageName: node
  linkType: hard

"json5@npm:^0.4.0":
  version: 0.4.0
  resolution: "json5@npm:0.4.0"
  bin:
    json5: lib/cli.js
  checksum: 53d35dc734932aaef0db0f9b494ac947dfbbedadaa07ee89b5bebbd27231860465bd05ffaecc30b73411190b05ccb5a2c8deff034fec586bdcfa4cfb93edd5f2
  languageName: node
  linkType: hard

"kind-of@npm:^3.0.2":
  version: 3.2.2
  resolution: "kind-of@npm:3.2.2"
  dependencies:
    is-buffer: ^1.1.5
  checksum: e898df8ca2f31038f27d24f0b8080da7be274f986bc6ed176f37c77c454d76627619e1681f6f9d2e8d2fd7557a18ecc419a6bb54e422abcbb8da8f1a75e4b386
  languageName: node
  linkType: hard

"lazy-cache@npm:^1.0.3":
  version: 1.0.4
  resolution: "lazy-cache@npm:1.0.4"
  checksum: e6650c22e5de1cc3f4a0c25d2b35fe9cd400473c1b3562be9fceadf8f368d708b54d24f5aa51b321b090da65b36426823a8f706b8dbdd68270db0daba812c5d3
  languageName: node
  linkType: hard

"lcid@npm:^1.0.0":
  version: 1.0.0
  resolution: "lcid@npm:1.0.0"
  dependencies:
    invert-kv: ^1.0.0
  checksum: e8c7a4db07663068c5c44b650938a2bc41aa992037eebb69376214320f202c1250e70b50c32f939e28345fd30c2d35b8e8cd9a19d5932c398246a864ce54843d
  languageName: node
  linkType: hard

"leven@npm:^1.0.2":
  version: 1.0.2
  resolution: "leven@npm:1.0.2"
  bin:
    leven: cli.js
  checksum: c3c75d07f40bfd0fdd480cafc6971fa748ddf893d43effa627a133c95237522a0d943e2308ef0fc87330aed498984b2c248abe97e8c548d08add7c4a7a5363c5
  languageName: node
  linkType: hard

"lodash._baseassign@npm:^3.0.0":
  version: 3.2.0
  resolution: "lodash._baseassign@npm:3.2.0"
  dependencies:
    lodash._basecopy: ^3.0.0
    lodash.keys: ^3.0.0
  checksum: 27155048736d02dc384f97af303ba66bb5f768aedd5191dddf25acbd13a0733c530d4258df2136440fce7e28c8240561ecd94e769ce4cbb0115dbfd9ab5c4203
  languageName: node
  linkType: hard

"lodash._basecopy@npm:^3.0.0":
  version: 3.0.1
  resolution: "lodash._basecopy@npm:3.0.1"
  checksum: 4ccbeef09f53cb1a0cdf1cafeaea2d445ec2184337e1389eb3b81649a3e30f33c377d79027fbce06dae199a6f8ffb4fbd32f1ce07bddbdfae14f51f8340ae68c
  languageName: node
  linkType: hard

"lodash._baseflatten@npm:^3.0.0":
  version: 3.1.4
  resolution: "lodash._baseflatten@npm:3.1.4"
  dependencies:
    lodash.isarguments: ^3.0.0
    lodash.isarray: ^3.0.0
  checksum: 7637d1105ce272c5df5c552879dccdbae48da8b8e613d303c3bc1bbee9e1443fd1c934f7c8c0049b96e54df14d9cfd1bab5522412ad6952bb13cbdff1b37a20c
  languageName: node
  linkType: hard

"lodash._basefor@npm:^3.0.0":
  version: 3.0.3
  resolution: "lodash._basefor@npm:3.0.3"
  checksum: 8028af9901a33c336eeb18945bfe304f9e2abc1a741f688a5e26e3fa1a1c975688f7a40ec90d8dc3eda3c04160ede0aa5a89c2beb04ac29daf914b5aeb8b6b5a
  languageName: node
  linkType: hard

"lodash._bindcallback@npm:^3.0.0":
  version: 3.0.1
  resolution: "lodash._bindcallback@npm:3.0.1"
  checksum: 3916fd72bc02de3643a52d46cf5aaeab4c0b21cd7cb2fb801a8bf9dacdc8532e89b30a4ebafdf65da5fe09d8b0bf898a7416402704fd7262a976703e1c59e549
  languageName: node
  linkType: hard

"lodash._createassigner@npm:^3.0.0":
  version: 3.1.1
  resolution: "lodash._createassigner@npm:3.1.1"
  dependencies:
    lodash._bindcallback: ^3.0.0
    lodash._isiterateecall: ^3.0.0
    lodash.restparam: ^3.0.0
  checksum: ca9e08350914c279560b8930a3f7aa065b061a7e2b0bf13b33af1f782be8b5356f623ce01e89248212cc6099b1bc6c39e03ed9ffc9e0c2fd7169b1b7c447c01e
  languageName: node
  linkType: hard

"lodash._getnative@npm:^3.0.0":
  version: 3.9.1
  resolution: "lodash._getnative@npm:3.9.1"
  checksum: ba2152bb10bf44beb54fcd273598197972c989c2181b54e533cec1ff1ebebdf8bb02d4ffc3d5a648480a48beb3026db191f5de99adecd7eac36bbd6025c9b048
  languageName: node
  linkType: hard

"lodash._isiterateecall@npm:^3.0.0":
  version: 3.0.9
  resolution: "lodash._isiterateecall@npm:3.0.9"
  checksum: 95ace291d07f2930d9f038ec3c662f88cef48ccebd508665ce08a3251f126b2a645234ab734a6dff0987e1ae9ef74dad706e0d9a2bf26828e50d19c7a6238cab
  languageName: node
  linkType: hard

"lodash._pickbyarray@npm:^3.0.0":
  version: 3.0.2
  resolution: "lodash._pickbyarray@npm:3.0.2"
  checksum: 73b92877d8133c645b5485f8140f9b5a10a42331b9c15b290bd6bd3204e7f86d30d18e1d24725b2ba3e279ca46b370b6e88caa5510b4cea00e4ce3b06060c84f
  languageName: node
  linkType: hard

"lodash._pickbycallback@npm:^3.0.0":
  version: 3.0.0
  resolution: "lodash._pickbycallback@npm:3.0.0"
  dependencies:
    lodash._basefor: ^3.0.0
    lodash.keysin: ^3.0.0
  checksum: 46ebbd4baecde6a408cf4b3d159b31ba3c36499dfa336ee32665b5327c2af33ff8cceb8110a93a2e33b1fe2d674818c2e2e40cebbeb05759ec2ee2dc8ee595d4
  languageName: node
  linkType: hard

"lodash.assign@npm:^3.2.0":
  version: 3.2.0
  resolution: "lodash.assign@npm:3.2.0"
  dependencies:
    lodash._baseassign: ^3.0.0
    lodash._createassigner: ^3.0.0
    lodash.keys: ^3.0.0
  checksum: 135351c0e376e2963ec785d4ad4efce55cd7f1d5e3d34387e940c1de6c5f92d6f91d3e415218bc37657f34aae823bc9ecf2fb38bd4734dc69f7d659582cc4178
  languageName: node
  linkType: hard

"lodash.isarguments@npm:^3.0.0":
  version: 3.1.0
  resolution: "lodash.isarguments@npm:3.1.0"
  checksum: ae1526f3eb5c61c77944b101b1f655f846ecbedcb9e6b073526eba6890dc0f13f09f72e11ffbf6540b602caee319af9ac363d6cdd6be41f4ee453436f04f13b5
  languageName: node
  linkType: hard

"lodash.isarray@npm:^3.0.0":
  version: 3.0.4
  resolution: "lodash.isarray@npm:3.0.4"
  checksum: 3b298fb76ff16981353f7d0695d8680be9451b74d2e76714ddbd903a90fbaa8e1d84979d0ae99325f5a9033776771154b19e05027ab23de83202251c8abe81b5
  languageName: node
  linkType: hard

"lodash.keys@npm:^3.0.0":
  version: 3.1.2
  resolution: "lodash.keys@npm:3.1.2"
  dependencies:
    lodash._getnative: ^3.0.0
    lodash.isarguments: ^3.0.0
    lodash.isarray: ^3.0.0
  checksum: ac7c02c793334c48161a8e8a1f12576c73ee50d1371e75680afc6c2d3740d5e9bdc899517e6c0034014eaa2512c5f433a2e6985c9e16cf28b5c9013ec81bd35e
  languageName: node
  linkType: hard

"lodash.keysin@npm:^3.0.0":
  version: 3.0.8
  resolution: "lodash.keysin@npm:3.0.8"
  dependencies:
    lodash.isarguments: ^3.0.0
    lodash.isarray: ^3.0.0
  checksum: 7d748df105266a474b6b3b17bef339f16c8625fb3091e3c6cad4a02ad943617c3fd5cb9036fed0dbd4a38e6d02e1f6d4a8cc5399f075d411f2a8f21b2eb8a8e4
  languageName: node
  linkType: hard

"lodash.pick@npm:^3.1.0":
  version: 3.1.0
  resolution: "lodash.pick@npm:3.1.0"
  dependencies:
    lodash._baseflatten: ^3.0.0
    lodash._bindcallback: ^3.0.0
    lodash._pickbyarray: ^3.0.0
    lodash._pickbycallback: ^3.0.0
    lodash.restparam: ^3.0.0
  checksum: daaa1cc8a1baf5f0880122330f383a68c9829e437bdda73e3222ea75de2804951edd9564e15e276c4e8d2d845d406676cf06acf71e50c3b17d4c599f86f9e02f
  languageName: node
  linkType: hard

"lodash.restparam@npm:^3.0.0":
  version: 3.6.1
  resolution: "lodash.restparam@npm:3.6.1"
  checksum: 8bda0c7aaeac93da2b7e856bfeec8e6fdefb4d7eadfe6fd84775312a729fc1cb985636d922fe33b49f41aba135204962f4b853d7946105b7704102edb2bf6082
  languageName: node
  linkType: hard

"lodash@npm:^3.10.0, lodash@npm:^3.9.3":
  version: 3.10.1
  resolution: "lodash@npm:3.10.1"
  checksum: 53065d3712a2fd90b55690c5af19f9625a5bbb2b7876ff76d782ee1dc22618fd4dff191d44a8e165a17b5b81a851c3e884d3b5b25e314422fbe24bb299542685
  languageName: node
  linkType: hard

"longest@npm:^1.0.1":
  version: 1.0.1
  resolution: "longest@npm:1.0.1"
  checksum: 21717f95670675b8fec7ce78d255af664fc28273e8ac7d6893bce6063f63efa107634daa186d142172904053e0e39034b21e61a6c52538d3d37f715bf149c47f
  languageName: node
  linkType: hard

"minimatch@npm:2 || 3":
  version: 3.1.2
  resolution: "minimatch@npm:3.1.2"
  dependencies:
    brace-expansion: ^1.1.7
  checksum: c154e566406683e7bcb746e000b84d74465b3a832c45d59912b9b55cd50dee66e5c4b1e5566dba26154040e51672f9aa450a9aef0c97cfc7336b78b7afb9540a
  languageName: node
  linkType: hard

"minimatch@npm:^2.0.3":
  version: 2.0.10
  resolution: "minimatch@npm:2.0.10"
  dependencies:
    brace-expansion: ^1.0.0
  checksum: 70c99221e7db80dde6027b1b7a545e6a8247a094456cf5f1d82dcf62fbc83b196c85825e807da0c818ab93fa9276085c63c35e4cae721c51f38d5b35d317a7e9
  languageName: node
  linkType: hard

"minimist@npm:^1.1.0, minimist@npm:^1.2.6":
  version: 1.2.8
  resolution: "minimist@npm:1.2.8"
  checksum: 75a6d645fb122dad29c06a7597bddea977258957ed88d7a6df59b5cd3fe4a527e253e9bbf2e783e4b73657f9098b96a5fe96ab8a113655d4109108577ecf85b0
  languageName: node
  linkType: hard

"mkdirp@npm:^0.5.0, mkdirp@npm:^0.5.1":
  version: 0.5.6
  resolution: "mkdirp@npm:0.5.6"
  dependencies:
    minimist: ^1.2.6
  bin:
    mkdirp: bin/cmd.js
  checksum: 0c91b721bb12c3f9af4b77ebf73604baf350e64d80df91754dc509491ae93bf238581e59c7188360cec7cb62fc4100959245a42cfe01834efedc5e9d068376c2
  languageName: node
  linkType: hard

"ms@npm:2.0.0":
  version: 2.0.0
  resolution: "ms@npm:2.0.0"
  checksum: 0e6a22b8b746d2e0b65a430519934fefd41b6db0682e3477c10f60c76e947c4c0ad06f63ffdf1d78d335f83edee8c0aa928aa66a36c7cd95b69b26f468d527f4
  languageName: node
  linkType: hard

"object-assign@npm:^4.1.0":
  version: 4.1.1
  resolution: "object-assign@npm:4.1.1"
  checksum: fcc6e4ea8c7fe48abfbb552578b1c53e0d194086e2e6bbbf59e0a536381a292f39943c6e9628af05b5528aa5e3318bb30d6b2e53cadaf5b8fe9e12c4b69af23f
  languageName: node
  linkType: hard

"once@npm:^1.3.0":
  version: 1.4.0
  resolution: "once@npm:1.4.0"
  dependencies:
    wrappy: 1
  checksum: cd0a88501333edd640d95f0d2700fbde6bff20b3d4d9bdc521bdd31af0656b5706570d6c6afe532045a20bb8dc0849f8332d6f2a416e0ba6d3d3b98806c7db68
  languageName: node
  linkType: hard

"os-locale@npm:^1.4.0":
  version: 1.4.0
  resolution: "os-locale@npm:1.4.0"
  dependencies:
    lcid: ^1.0.0
  checksum: 0161a1b6b5a8492f99f4b47fe465df9fc521c55ba5414fce6444c45e2500487b8ed5b40a47a98a2363fe83ff04ab033785300ed8df717255ec4c3b625e55b1fb
  languageName: node
  linkType: hard

"os-tmpdir@npm:^1.0.1":
  version: 1.0.2
  resolution: "os-tmpdir@npm:1.0.2"
  checksum: 5666560f7b9f10182548bf7013883265be33620b1c1b4a4d405c25be2636f970c5488ff3e6c48de75b55d02bde037249fe5dbfbb4c0fb7714953d56aed062e6d
  languageName: node
  linkType: hard

"output-file-sync@npm:^1.1.0":
  version: 1.1.2
  resolution: "output-file-sync@npm:1.1.2"
  dependencies:
    graceful-fs: ^4.1.4
    mkdirp: ^0.5.1
    object-assign: ^4.1.0
  checksum: cd65a441f22198bcd999ceb806ca854bc0b20295d845d118cc296c37aed7ac039f146abfa3f34f894efa741168af4abd586b030d073fa1eac112c56d9f72d4c7
  languageName: node
  linkType: hard

"path-exists@npm:^1.0.0":
  version: 1.0.0
  resolution: "path-exists@npm:1.0.0"
  checksum: d8511107b2f4c6635aff506c99b10ad1a9bac7a77a732f3a03f0eff305510cf5f3e22782a60a8536331d808f72f38da76042a56de103859372ac58b859f858df
  languageName: node
  linkType: hard

"path-is-absolute@npm:^1.0.0":
  version: 1.0.1
  resolution: "path-is-absolute@npm:1.0.1"
  checksum: 060840f92cf8effa293bcc1bea81281bd7d363731d214cbe5c227df207c34cd727430f70c6037b5159c8a870b9157cba65e775446b0ab06fd5ecc7e54615a3b8
  languageName: node
  linkType: hard

"path-parse@npm:^1.0.7":
  version: 1.0.7
  resolution: "path-parse@npm:1.0.7"
  checksum: 49abf3d81115642938a8700ec580da6e830dde670be21893c62f4e10bd7dd4c3742ddc603fe24f898cba7eb0c6bc1777f8d9ac14185d34540c6d4d80cd9cae8a
  languageName: node
  linkType: hard

"private@npm:^0.1.6, private@npm:~0.1.5":
  version: 0.1.8
  resolution: "private@npm:0.1.8"
  checksum: a00abd713d25389f6de7294f0e7879b8a5d09a9ec5fd81cc2f21b29d4f9a80ec53bc4222927d3a281d4aadd4cd373d9a28726fca3935921950dc75fd71d1fdbb
  languageName: node
  linkType: hard

"process@npm:^0.11.9":
  version: 0.11.10
  resolution: "process@npm:0.11.10"
  checksum: bfcce49814f7d172a6e6a14d5fa3ac92cc3d0c3b9feb1279774708a719e19acd673995226351a082a9ae99978254e320ccda4240ddc474ba31a76c79491ca7c3
  languageName: node
  linkType: hard

"q@npm:^1.1.2":
  version: 1.5.1
  resolution: "q@npm:1.5.1"
  checksum: 147baa93c805bc1200ed698bdf9c72e9e42c05f96d007e33a558b5fdfd63e5ea130e99313f28efc1783e90e6bdb4e48b67a36fcc026b7b09202437ae88a1fb12
  languageName: node
  linkType: hard

"react-native-tls@workspace:.":
  version: 0.0.0-use.local
  resolution: "react-native-tls@workspace:."
  dependencies:
    babel-eslint: ^4.1.6
    base64-js: 0.0.8
    buffer: ^5.0.0
    eslint-plugin-react: ^3.11.3
    events: ^1.0.2
    ip-regex: ^1.0.3
    process: ^0.11.9
    util: ^0.10.3
  peerDependencies:
    react-native: ">=0.40.0"
  languageName: unknown
  linkType: soft

"recast@npm:0.10.33":
  version: 0.10.33
  resolution: "recast@npm:0.10.33"
  dependencies:
    ast-types: 0.8.12
    esprima-fb: ~15001.1001.0-dev-harmony-fb
    private: ~0.1.5
    source-map: ~0.5.0
  checksum: 00f189f689cacfa6729e1898278e2743e502d626613efd993a996cc39d3944c58d5d8ace5469d20b7a13be7ff6e3d6b1f2d9afe5af94ddc25c95d4374ace9ed8
  languageName: node
  linkType: hard

"recast@npm:^0.10.10":
  version: 0.10.43
  resolution: "recast@npm:0.10.43"
  dependencies:
    ast-types: 0.8.15
    esprima-fb: ~15001.1001.0-dev-harmony-fb
    private: ~0.1.5
    source-map: ~0.5.0
  checksum: 766221f27cedd9c0a44b680fff5d0bd93f0d2b7e822e7d39c8b69df55c15d23de5314761e94669781177b678d5b868ba65f85fefa2c9c49325bcd853ba179330
  languageName: node
  linkType: hard

"recast@npm:^0.11.17":
  version: 0.11.23
  resolution: "recast@npm:0.11.23"
  dependencies:
    ast-types: 0.9.6
    esprima: ~3.1.0
    private: ~0.1.5
    source-map: ~0.5.0
  checksum: e2a6f973fa8e7f4aac6fdebd27706d67570c71d127632f15fad350a430c63b0dcdd9d7ceffad547b07114b5d28895e6fe078a287c1f8e5410c90aaa7289787ac
  languageName: node
  linkType: hard

"regenerate@npm:^1.2.1":
  version: 1.4.2
  resolution: "regenerate@npm:1.4.2"
  checksum: 3317a09b2f802da8db09aa276e469b57a6c0dd818347e05b8862959c6193408242f150db5de83c12c3fa99091ad95fb42a6db2c3329bfaa12a0ea4cbbeb30cb0
  languageName: node
  linkType: hard

"regenerator@npm:0.8.40":
  version: 0.8.40
  resolution: "regenerator@npm:0.8.40"
  dependencies:
    commoner: ~0.10.3
    defs: ~1.1.0
    esprima-fb: ~15001.1001.0-dev-harmony-fb
    private: ~0.1.5
    recast: 0.10.33
    through: ~2.3.8
  bin:
    regenerator: bin/regenerator
  checksum: 2306885521f425038aeed740df561b72b7c9699604fd631ab241b00754e32290f30eba1c4df7d0c3834d9deb81d5f9f4da68d95a795918e8c4e1e48c7cca684e
  languageName: node
  linkType: hard

"regexpu@npm:^1.3.0":
  version: 1.3.0
  resolution: "regexpu@npm:1.3.0"
  dependencies:
    esprima: ^2.6.0
    recast: ^0.10.10
    regenerate: ^1.2.1
    regjsgen: ^0.2.0
    regjsparser: ^0.1.4
  bin:
    regexpu: bin/regexpu
  checksum: 13a49dbc6c481c3fe5ec23799ee85dad5f5d0c0aff1fe751e52a334a255916a07e31a864fdf226b09e084331dcaa328635a7e178de1751764bae6cc393a78169
  languageName: node
  linkType: hard

"regjsgen@npm:^0.2.0":
  version: 0.2.0
  resolution: "regjsgen@npm:0.2.0"
  checksum: 1f3ae570151e2c29193cdc5a5890c0b83cd8c5029ed69315b0ea303bc2644f9ab5d536d2288fd9b70293fd351d7dd7fc1fc99ebe24554015c894dbce883bcf2b
  languageName: node
  linkType: hard

"regjsparser@npm:^0.1.4":
  version: 0.1.5
  resolution: "regjsparser@npm:0.1.5"
  dependencies:
    jsesc: ~0.5.0
  bin:
    regjsparser: bin/parser
  checksum: 1feba2f3f2d4f1ef9f5f4e0f20c827cf866d4f65c51502eb64db4d4dd9c656f8c70f6c79537c892bf0fc9592c96f732519f7d8ad4a82f3b622756118ac737970
  languageName: node
  linkType: hard

"repeat-string@npm:^1.5.2":
  version: 1.6.1
  resolution: "repeat-string@npm:1.6.1"
  checksum: 1b809fc6db97decdc68f5b12c4d1a671c8e3f65ec4a40c238bc5200e44e85bcc52a54f78268ab9c29fcf5fe4f1343e805420056d1f30fa9a9ee4c2d93e3cc6c0
  languageName: node
  linkType: hard

"repeating@npm:^1.1.0, repeating@npm:^1.1.2":
  version: 1.1.3
  resolution: "repeating@npm:1.1.3"
  dependencies:
    is-finite: ^1.0.0
  bin:
    repeating: cli.js
  checksum: a10e45c7794c1bb63789c34b78d6d18be0e40fce02bbfb2e1e01b26a48b6deb8590ecf3bfcfcc22f06a0bcd96e16cd589e8a5434f8332eb8f9d52ea270566498
  languageName: node
  linkType: hard

"resolve@npm:^1.1.6":
  version: 1.22.8
  resolution: "resolve@npm:1.22.8"
  dependencies:
    is-core-module: ^2.13.0
    path-parse: ^1.0.7
    supports-preserve-symlinks-flag: ^1.0.0
  bin:
    resolve: bin/resolve
  checksum: f8a26958aa572c9b064562750b52131a37c29d072478ea32e129063e2da7f83e31f7f11e7087a18225a8561cfe8d2f0df9dbea7c9d331a897571c0a2527dbb4c
  languageName: node
  linkType: hard

"resolve@patch:resolve@^1.1.6#~builtin<compat/resolve>":
  version: 1.22.8
  resolution: "resolve@patch:resolve@npm%3A1.22.8#~builtin<compat/resolve>::version=1.22.8&hash=c3c19d"
  dependencies:
    is-core-module: ^2.13.0
    path-parse: ^1.0.7
    supports-preserve-symlinks-flag: ^1.0.0
  bin:
    resolve: bin/resolve
  checksum: 5479b7d431cacd5185f8db64bfcb7286ae5e31eb299f4c4f404ad8aa6098b77599563ac4257cb2c37a42f59dfc06a1bec2bcf283bb448f319e37f0feb9a09847
  languageName: node
  linkType: hard

"right-align@npm:^0.1.1":
  version: 0.1.3
  resolution: "right-align@npm:0.1.3"
  dependencies:
    align-text: ^0.1.1
  checksum: 7011dc8c0eb2ee04daab45d1251b5efff9956607e130b4a4005ed76e48bddf97c1de3cc70463ca0476949fce5d0af7d652619a538c1b9105b6eff6a59f15c4b9
  languageName: node
  linkType: hard

"safer-buffer@npm:>= 2.1.2 < 3":
  version: 2.1.2
  resolution: "safer-buffer@npm:2.1.2"
  checksum: cab8f25ae6f1434abee8d80023d7e72b598cf1327164ddab31003c51215526801e40b66c5e65d658a0af1e9d6478cadcb4c745f4bd6751f97d8644786c0978b0
  languageName: node
  linkType: hard

"shebang-regex@npm:^1.0.0":
  version: 1.0.0
  resolution: "shebang-regex@npm:1.0.0"
  checksum: 404c5a752cd40f94591dfd9346da40a735a05139dac890ffc229afba610854d8799aaa52f87f7e0c94c5007f2c6af55bdcaeb584b56691926c5eaf41dc8f1372
  languageName: node
  linkType: hard

"simple-fmt@npm:~0.1.0":
  version: 0.1.0
  resolution: "simple-fmt@npm:0.1.0"
  checksum: 13eb3381f294c1d022db3d35c65224a8eafa358032d98271841ead905a30f74ba7565876839a0b7015036ca8391512aae9d2c1983f9f27bc77ef1b8f75b85a51
  languageName: node
  linkType: hard

"simple-is@npm:~0.2.0":
  version: 0.2.0
  resolution: "simple-is@npm:0.2.0"
  checksum: 9ab19289a1da9551f91715f4ae838790c13752ccf7e8b7dce69e4b056f4ab7c2b13486fe987ab00c01294cb33a63bb08fd66a1a4170c70fcc6d3a310bf406e8c
  languageName: node
  linkType: hard

"slash@npm:^1.0.0":
  version: 1.0.0
  resolution: "slash@npm:1.0.0"
  checksum: 4b6e21b1fba6184a7e2efb1dd173f692d8a845584c1bbf9dc818ff86f5a52fc91b413008223d17cc684604ee8bb9263a420b1182027ad9762e35388434918860
  languageName: node
  linkType: hard

"source-map-support@npm:^0.2.10":
  version: 0.2.10
  resolution: "source-map-support@npm:0.2.10"
  dependencies:
    source-map: 0.1.32
  checksum: 033e04f22866ad1c5b7e4eda8f593dd028722da3eae24ffd1784de04aeb49996ff334ae6055f4ae1e176789e878229c1b0d03acf2ffd9ffdf6da5d144e867ceb
  languageName: node
  linkType: hard

"source-map@npm:0.1.32":
  version: 0.1.32
  resolution: "source-map@npm:0.1.32"
  dependencies:
    amdefine: ">=0.0.4"
  checksum: e59947d780134650b19ad28eb5cbe8a5ef8c3ca2c5281bbf21c33ed9a12eb009f3732bb31eedddd0ef113aa77e04945f12fd8c7f12d5cb527f9cd8896a887df3
  languageName: node
  linkType: hard

"source-map@npm:^0.5.0, source-map@npm:~0.5.0":
  version: 0.5.7
  resolution: "source-map@npm:0.5.7"
  checksum: 5dc2043b93d2f194142c7f38f74a24670cd7a0063acdaf4bf01d2964b402257ae843c2a8fa822ad5b71013b5fcafa55af7421383da919752f22ff488bc553f4d
  languageName: node
  linkType: hard

"stable@npm:~0.1.3":
  version: 0.1.8
  resolution: "stable@npm:0.1.8"
  checksum: 2ff482bb100285d16dd75cd8f7c60ab652570e8952c0bfa91828a2b5f646a0ff533f14596ea4eabd48bb7f4aeea408dce8f8515812b975d958a4cc4fa6b9dfeb
  languageName: node
  linkType: hard

"stringmap@npm:~0.2.2":
  version: 0.2.2
  resolution: "stringmap@npm:0.2.2"
  checksum: 7b6b9745c4a0c10c1bee05fd022dd01e4f0939383a6aad6b514f6c96f618044d73012f6b7f78d6976de3893507d3a198f427980ec3fc179b45a91f30f03d934a
  languageName: node
  linkType: hard

"stringset@npm:~0.2.1":
  version: 0.2.1
  resolution: "stringset@npm:0.2.1"
  checksum: 63fe3deb778a924c2dc554f0aeeed972e1cc38e761b13c22151c2c9839fea893310b8e229a65f65b189fcf3cd40ec24ea2a880ab9b9ef65c7d9dd65861dc93a5
  languageName: node
  linkType: hard

"strip-ansi@npm:^3.0.0":
  version: 3.0.1
  resolution: "strip-ansi@npm:3.0.1"
  dependencies:
    ansi-regex: ^2.0.0
  checksum: 9b974de611ce5075c70629c00fa98c46144043db92ae17748fb780f706f7a789e9989fd10597b7c2053ae8d1513fd707816a91f1879b2f71e6ac0b6a863db465
  languageName: node
  linkType: hard

"supports-color@npm:^2.0.0":
  version: 2.0.0
  resolution: "supports-color@npm:2.0.0"
  checksum: 602538c5812b9006404370b5a4b885d3e2a1f6567d314f8b4a41974ffe7d08e525bf92ae0f9c7030e3b4c78e4e34ace55d6a67a74f1571bc205959f5972f88f0
  languageName: node
  linkType: hard

"supports-preserve-symlinks-flag@npm:^1.0.0":
  version: 1.0.0
  resolution: "supports-preserve-symlinks-flag@npm:1.0.0"
  checksum: 53b1e247e68e05db7b3808b99b892bd36fb096e6fba213a06da7fab22045e97597db425c724f2bbd6c99a3c295e1e73f3e4de78592289f38431049e1277ca0ae
  languageName: node
  linkType: hard

"through@npm:~2.3.8":
  version: 2.3.8
  resolution: "through@npm:2.3.8"
  checksum: a38c3e059853c494af95d50c072b83f8b676a9ba2818dcc5b108ef252230735c54e0185437618596c790bbba8fcdaef5b290405981ffa09dce67b1f1bf190cbd
  languageName: node
  linkType: hard

"to-fast-properties@npm:^1.0.0":
  version: 1.0.3
  resolution: "to-fast-properties@npm:1.0.3"
  checksum: bd0abb58c4722851df63419de3f6d901d5118f0440d3f71293ed776dd363f2657edaaf2dc470e3f6b7b48eb84aa411193b60db8a4a552adac30de9516c5cc580
  languageName: node
  linkType: hard

"trim-right@npm:^1.0.0":
  version: 1.0.1
  resolution: "trim-right@npm:1.0.1"
  checksum: 9120af534e006a7424a4f9358710e6e707887b6ccf7ea69e50d6ac6464db1fe22268400def01752f09769025d480395159778153fb98d4a2f6f40d4cf5d4f3b6
  languageName: node
  linkType: hard

"try-resolve@npm:^1.0.0":
  version: 1.0.1
  resolution: "try-resolve@npm:1.0.1"
  checksum: a8c6fef8392e4a03f20c5d5b876208adca0d8f1d1fdc31969b036206be782589003b9b2b82533b79248e4e47771b60c682ad27cc41f28ab24c18e8262cd96d67
  languageName: node
  linkType: hard

"tryor@npm:~0.1.2":
  version: 0.1.2
  resolution: "tryor@npm:0.1.2"
  checksum: 7c54816fc38a910f6447813419efe7f11f1a36ca536e10579d7555d0363c84aeb824f52f346922e31f4ae6675d1e202192c92f44d9e9a82dec8d07544fc01a24
  languageName: node
  linkType: hard

"user-home@npm:^1.1.1":
  version: 1.1.1
  resolution: "user-home@npm:1.1.1"
  bin:
    user-home: cli.js
  checksum: f02a2c292a7fbf83ed69c773daa4fe5d51e34f1f6ba538cfe155deef7711b2f0447ad1e1a36c313a4f5a646055dd8830690fa26bc346b9192d70b747fb5a0940
  languageName: node
  linkType: hard

"util@npm:^0.10.3":
  version: 0.10.4
  resolution: "util@npm:0.10.4"
  dependencies:
    inherits: 2.0.3
  checksum: 913f9a90d05a60e91f91af01b8bd37e06bca4cc02d7b49e01089f9d5b78be2fffd61fb1a41b517de7238c5fc7337fa939c62d1fb4eb82e014894c7bee6637aaf
  languageName: node
  linkType: hard

"window-size@npm:^0.1.2":
  version: 0.1.4
  resolution: "window-size@npm:0.1.4"
  bin:
    window-size: cli.js
  checksum: 409accca0b1373c69897400e3cc6a56a2acc8a6ba9009f0cd8e4adda4ebf308e50425d3bd375c0c08efb803c8f0b09d84d7266faa05422b3fadfe6ee422d0aef
  languageName: node
  linkType: hard

"wordwrap@npm:0.0.2":
  version: 0.0.2
  resolution: "wordwrap@npm:0.0.2"
  checksum: 1152eb7f04c3771df4fd8ea817e3945586f6be2e906cd7d95e60248e136a7f506c911cc738f963b7b18f74c215d7fe61f5b276fc82c3cee930abfc61a215afec
  languageName: node
  linkType: hard

"wrappy@npm:1":
  version: 1.0.2
  resolution: "wrappy@npm:1.0.2"
  checksum: 159da4805f7e84a3d003d8841557196034155008f817172d4e986bd591f74aa82aa7db55929a54222309e01079a65a92a9e6414da5a6aa4b01ee44a511ac3ee5
  languageName: node
  linkType: hard

"y18n@npm:^3.2.0":
  version: 3.2.2
  resolution: "y18n@npm:3.2.2"
  checksum: 6154fd7544f8bbf5b18cdf77692ed88d389be49c87238ecb4e0d6a5276446cd2a5c29cc4bdbdddfc7e4e498b08df9d7e38df4a1453cf75eecfead392246ea74a
  languageName: node
  linkType: hard

"yargs@npm:~3.27.0":
  version: 3.27.0
  resolution: "yargs@npm:3.27.0"
  dependencies:
    camelcase: ^1.2.1
    cliui: ^2.1.0
    decamelize: ^1.0.0
    os-locale: ^1.4.0
    window-size: ^0.1.2
    y18n: ^3.2.0
  checksum: 267dc77029b53283f8c53c7cde2e60593a519beae130f7985fda02dd79bdf5cd162130bd6b0a7dbac16b166b462e5acc30103b466b4fb1d2c6c3050bf0f87fe7
  languageName: node
  linkType: hard
